# This file is generated by running "yarn install" inside your project.
# Manual changes might be lost - proceed with caution!

__metadata:
  version: 9
  cacheKey: 10c0

"@actions/core@npm:^1.11.1":
  version: 1.11.1
  resolution: "@actions/core@npm:1.11.1"
  dependencies:
    "@actions/exec": "npm:^1.1.1"
    "@actions/http-client": "npm:^2.0.1"
  checksum: 10c0/9aa30b397d8d0dbc74e69fe46b23fb105cab989beb420c57eacbfc51c6804abe8da0f46973ca9f639d532ea4c096d0f4d37da0223fbe94f304fa3c5f53537c30
  languageName: node
  linkType: hard

"@actions/exec@npm:^1.1.1":
  version: 1.1.1
  resolution: "@actions/exec@npm:1.1.1"
  dependencies:
    "@actions/io": "npm:^1.0.1"
  checksum: 10c0/4a09f6bdbe50ce68b5cf8a7254d176230d6a74bccf6ecc3857feee209a8c950ba9adec87cc5ecceb04110182d1c17117234e45557d72fde6229b7fd3a395322a
  languageName: node
  linkType: hard

"@actions/http-client@npm:^2.0.1":
  version: 2.2.3
  resolution: "@actions/http-client@npm:2.2.3"
  dependencies:
    tunnel: "npm:^0.0.6"
    undici: "npm:^5.25.4"
  checksum: 10c0/13141b66a42aa4afd8c50f7479e13a5cdb5084ccb3c73ec48894b8029743389a3d2bf8cdc18e23fb70cd33995740526dd308815613907571e897c3aa1e5eada6
  languageName: node
  linkType: hard

"@actions/io@npm:^1.0.1":
  version: 1.1.3
  resolution: "@actions/io@npm:1.1.3"
  checksum: 10c0/5b8751918e5bf0bebd923ba917fb1c0e294401e7ff0037f32c92a4efa4215550df1f6633c63fd4efb2bdaae8711e69b9e36925857db1f38935ff62a5c92ec29e
  languageName: node
  linkType: hard

"@isaacs/fs-minipass@npm:^4.0.0":
  version: 4.0.1
  resolution: "@isaacs/fs-minipass@npm:4.0.1"
  dependencies:
    minipass: "npm:^7.0.4"
  checksum: 10c0/c25b6dc1598790d5b55c0947a9b7d111cfa92594db5296c3b907e2f533c033666f692a3939eadac17b1c7c40d362d0b0635dc874cbfe3e70db7c2b07cc97a5d2
  languageName: node
  linkType: hard

"@jridgewell/sourcemap-codec@npm:^1.5.5":
  version: 1.5.5
  resolution: "@jridgewell/sourcemap-codec@npm:1.5.5"
  checksum: 10c0/f9e538f302b63c0ebc06eecb1dd9918dd4289ed36147a0ddce35d6ea4d7ebbda243cda7b2213b6a5e1d8087a298d5cf630fb2bd39329cdecb82017023f6081a0
  languageName: node
  linkType: hard

"@rollup/plugin-commonjs@npm:^28.0.6":
  version: 28.0.9
  resolution: "@rollup/plugin-commonjs@npm:28.0.9"
  dependencies:
    "@rollup/pluginutils": "npm:^5.0.1"
    commondir: "npm:^1.0.1"
    estree-walker: "npm:^2.0.2"
    fdir: "npm:^6.2.0"
    is-reference: "npm:1.2.1"
    magic-string: "npm:^0.30.3"
    picomatch: "npm:^4.0.2"
  peerDependencies:
    rollup: ^2.68.0||^3.0.0||^4.0.0
  peerDependenciesMeta:
    rollup:
      optional: true
  checksum: 10c0/b7af70614a53c549a1ba1e9647879b644bcf44ec78850f04018b929f4ee414274f867fa438308409a06ef8a3a179ed24c25e4f8ef77eb341dfddd2b0cb88c389
  languageName: node
  linkType: hard

"@rollup/plugin-node-resolve@npm:^16.0.1":
  version: 16.0.3
  resolution: "@rollup/plugin-node-resolve@npm:16.0.3"
  dependencies:
    "@rollup/pluginutils": "npm:^5.0.1"
    "@types/resolve": "npm:1.20.2"
    deepmerge: "npm:^4.2.2"
    is-module: "npm:^1.0.0"
    resolve: "npm:^1.22.1"
  peerDependencies:
    rollup: ^2.78.0||^3.0.0||^4.0.0
  peerDependenciesMeta:
    rollup:
      optional: true
  checksum: 10c0/5bafff8e51cd28b5b3b8f415c30a893f5bfdb1a54469e00b3dc6530f26051620f3dfa172f40544361948b46cc3070cb34fd44ade66d38c0677d74c846fbc58dc
  languageName: node
  linkType: hard

"@rollup/pluginutils@npm:^5.0.1":
  version: 5.3.0
  resolution: "@rollup/pluginutils@npm:5.3.0"
  dependencies:
    "@types/estree": "npm:^1.0.0"
    estree-walker: "npm:^2.0.2"
    picomatch: "npm:^4.0.2"
  peerDependencies:
    rollup: ^1.20.0||^2.0.0||^3.0.0||^4.0.0
  peerDependenciesMeta:
    rollup:
      optional: true
  checksum: 10c0/001834bf62d7cf5bac424d2617c113f7f7d3b2bf3c1778cbcccb72cdc957b68989f8e7747c782c2b911f1dde8257f56f8ac1e779e29e74e638e3f1e2cac2bcd0
  languageName: node
  linkType: hard

"@rollup/rollup-android-arm-eabi@npm:4.60.4":
  version: 4.60.4
  resolution: "@rollup/rollup-android-arm-eabi@npm:4.60.4"
  conditions: os=android & cpu=arm
  languageName: node
  linkType: hard

"@rollup/rollup-android-arm64@npm:4.60.4":
  version: 4.60.4
  resolution: "@rollup/rollup-android-arm64@npm:4.60.4"
  conditions: os=android & cpu=arm64
  languageName: node
  linkType: hard

"@rollup/rollup-darwin-arm64@npm:4.60.4":
  version: 4.60.4
  resolution: "@rollup/rollup-darwin-arm64@npm:4.60.4"
  conditions: os=darwin & cpu=arm64
  languageName: node
  linkType: hard

"@rollup/rollup-darwin-x64@npm:4.60.4":
  version: 4.60.4
  resolution: "@rollup/rollup-darwin-x64@npm:4.60.4"
  conditions: os=darwin & cpu=x64
  languageName: node
  linkType: hard

"@rollup/rollup-freebsd-arm64@npm:4.60.4":
  version: 4.60.4
  resolution: "@rollup/rollup-freebsd-arm64@npm:4.60.4"
  conditions: os=freebsd & cpu=arm64
  languageName: node
  linkType: hard

"@rollup/rollup-freebsd-x64@npm:4.60.4":
  version: 4.60.4
  resolution: "@rollup/rollup-freebsd-x64@npm:4.60.4"
  conditions: os=freebsd & cpu=x64
  languageName: node
  linkType: hard

"@rollup/rollup-linux-arm-gnueabihf@npm:4.60.4":
  version: 4.60.4
  resolution: "@rollup/rollup-linux-arm-gnueabihf@npm:4.60.4"
  conditions: os=linux & cpu=arm & libc=glibc
  languageName: node
  linkType: hard

"@rollup/rollup-linux-arm-musleabihf@npm:4.60.4":
  version: 4.60.4
  resolution: "@rollup/rollup-linux-arm-musleabihf@npm:4.60.4"
  conditions: os=linux & cpu=arm & libc=musl
  languageName: node
  linkType: hard

"@rollup/rollup-linux-arm64-gnu@npm:4.60.4":
  version: 4.60.4
  resolution: "@rollup/rollup-linux-arm64-gnu@npm:4.60.4"
  conditions: os=linux & cpu=arm64 & libc=glibc
  languageName: node
  linkType: hard

"@rollup/rollup-linux-arm64-musl@npm:4.60.4":
  version: 4.60.4
  resolution: "@rollup/rollup-linux-arm64-musl@npm:4.60.4"
  conditions: os=linux & cpu=arm64 & libc=musl
  languageName: node
  linkType: hard

"@rollup/rollup-linux-loong64-gnu@npm:4.60.4":
  version: 4.60.4
  resolution: "@rollup/rollup-linux-loong64-gnu@npm:4.60.4"
  conditions: os=linux & cpu=loong64 & libc=glibc
  languageName: node
  linkType: hard

"@rollup/rollup-linux-loong64-musl@npm:4.60.4":
  version: 4.60.4
  resolution: "@rollup/rollup-linux-loong64-musl@npm:4.60.4"
  conditions: os=linux & cpu=loong64 & libc=musl
  languageName: node
  linkType: hard

"@rollup/rollup-linux-ppc64-gnu@npm:4.60.4":
  version: 4.60.4
  resolution: "@rollup/rollup-linux-ppc64-gnu@npm:4.60.4"
  conditions: os=linux & cpu=ppc64 & libc=glibc
  languageName: node
  linkType: hard

"@rollup/rollup-linux-ppc64-musl@npm:4.60.4":
  version: 4.60.4
  resolution: "@rollup/rollup-linux-ppc64-musl@npm:4.60.4"
  conditions: os=linux & cpu=ppc64 & libc=musl
  languageName: node
  linkType: hard

"@rollup/rollup-linux-riscv64-gnu@npm:4.60.4":
  version: 4.60.4
  resolution: "@rollup/rollup-linux-riscv64-gnu@npm:4.60.4"
  conditions: os=linux & cpu=riscv64 & libc=glibc
  languageName: node
  linkType: hard

"@rollup/rollup-linux-riscv64-musl@npm:4.60.4":
  version: 4.60.4
  resolution: "@rollup/rollup-linux-riscv64-musl@npm:4.60.4"
  conditions: os=linux & cpu=riscv64 & libc=musl
  languageName: node
  linkType: hard

"@rollup/rollup-linux-s390x-gnu@npm:4.60.4":
  version: 4.60.4
  resolution: "@rollup/rollup-linux-s390x-gnu@npm:4.60.4"
  conditions: os=linux & cpu=s390x & libc=glibc
  languageName: node
  linkType: hard

"@rollup/rollup-linux-x64-gnu@npm:4.60.4":
  version: 4.60.4
  resolution: "@rollup/rollup-linux-x64-gnu@npm:4.60.4"
  conditions: os=linux & cpu=x64 & libc=glibc
  languageName: node
  linkType: hard

"@rollup/rollup-linux-x64-musl@npm:4.60.4":
  version: 4.60.4
  resolution: "@rollup/rollup-linux-x64-musl@npm:4.60.4"
  conditions: os=linux & cpu=x64 & libc=musl
  languageName: node
  linkType: hard

"@rollup/rollup-openbsd-x64@npm:4.60.4":
  version: 4.60.4
  resolution: "@rollup/rollup-openbsd-x64@npm:4.60.4"
  conditions: os=openbsd & cpu=x64
  languageName: node
  linkType: hard

"@rollup/rollup-openharmony-arm64@npm:4.60.4":
  version: 4.60.4
  resolution: "@rollup/rollup-openharmony-arm64@npm:4.60.4"
  conditions: os=openharmony & cpu=arm64
  languageName: node
  linkType: hard

"@rollup/rollup-win32-arm64-msvc@npm:4.60.4":
  version: 4.60.4
  resolution: "@rollup/rollup-win32-arm64-msvc@npm:4.60.4"
  conditions: os=win32 & cpu=arm64
  languageName: node
  linkType: hard

"@rollup/rollup-win32-ia32-msvc@npm:4.60.4":
  version: 4.60.4
  resolution: "@rollup/rollup-win32-ia32-msvc@npm:4.60.4"
  conditions: os=win32 & cpu=ia32
  languageName: node
  linkType: hard

"@rollup/rollup-win32-x64-gnu@npm:4.60.4":
  version: 4.60.4
  resolution: "@rollup/rollup-win32-x64-gnu@npm:4.60.4"
  conditions: os=win32 & cpu=x64
  languageName: node
  linkType: hard

"@rollup/rollup-win32-x64-msvc@npm:4.60.4":
  version: 4.60.4
  resolution: "@rollup/rollup-win32-x64-msvc@npm:4.60.4"
  conditions: os=win32 & cpu=x64
  languageName: node
  linkType: hard

"@types/estree@npm:*, @types/estree@npm:^1.0.0":
  version: 1.0.9
  resolution: "@types/estree@npm:1.0.9"
  checksum: 10c0/3ad3286ca2988cd550dafb8f2ad599c8474868e954fa601a36655bdfefd8039f7c714b8c1c7f2ae219ffbd58bd4660e66fa7479a0120fc02d4777057d4865387
  languageName: node
  linkType: hard

"@types/estree@npm:1.0.8":
  version: 1.0.8
  resolution: "@types/estree@npm:1.0.8"
  checksum: 10c0/39d34d1afaa338ab9763f37ad6066e3f349444f9052b9676a7cc0252ef9485a41c6d81c9c4e0d26e9077993354edf25efc853f3224dd4b447175ef62bdcc86a5
  languageName: node
  linkType: hard

"@types/resolve@npm:1.20.2":
  version: 1.20.2
  resolution: "@types/resolve@npm:1.20.2"
  checksum: 10c0/c5b7e1770feb5ccfb6802f6ad82a7b0d50874c99331e0c9b259e415e55a38d7a86ad0901c57665d93f75938be2a6a0bc9aa06c9749192cadb2e4512800bbc6e6
  languageName: node
  linkType: hard

"abbrev@npm:^4.0.0":
  version: 4.0.0
  resolution: "abbrev@npm:4.0.0"
  checksum: 10c0/b4cc16935235e80702fc90192e349e32f8ef0ed151ef506aa78c81a7c455ec18375c4125414b99f84b2e055199d66383e787675f0bcd87da7a4dbd59f9eac1d5
  languageName: node
  linkType: hard

"api_smoke_test@workspace:.":
  version: 0.0.0-use.local
  resolution: "api_smoke_test@workspace:."
  dependencies:
    "@actions/core": "npm:^1.11.1"
    "@rollup/plugin-commonjs": "npm:^28.0.6"
    "@rollup/plugin-node-resolve": "npm:^16.0.1"
    rollup: "npm:^4.49.0"
  languageName: unknown
  linkType: soft

"chownr@npm:^3.0.0":
  version: 3.0.0
  resolution: "chownr@npm:3.0.0"
  checksum: 10c0/43925b87700f7e3893296c8e9c56cc58f926411cce3a6e5898136daaf08f08b9a8eb76d37d3267e707d0dcc17aed2e2ebdf5848c0c3ce95cf910a919935c1b10
  languageName: node
  linkType: hard

"commondir@npm:^1.0.1":
  version: 1.0.1
  resolution: "commondir@npm:1.0.1"
  checksum: 10c0/33a124960e471c25ee19280c9ce31ccc19574b566dc514fe4f4ca4c34fa8b0b57cf437671f5de380e11353ea9426213fca17687dd2ef03134fea2dbc53809fd6
  languageName: node
  linkType: hard

"deepmerge@npm:^4.2.2":
  version: 4.3.1
  resolution: "deepmerge@npm:4.3.1"
  checksum: 10c0/e53481aaf1aa2c4082b5342be6b6d8ad9dfe387bc92ce197a66dea08bd4265904a087e75e464f14d1347cf2ac8afe1e4c16b266e0561cc5df29382d3c5f80044
  languageName: node
  linkType: hard

"env-paths@npm:^2.2.0":
  version: 2.2.1
  resolution: "env-paths@npm:2.2.1"
  checksum: 10c0/285325677bf00e30845e330eec32894f5105529db97496ee3f598478e50f008c5352a41a30e5e72ec9de8a542b5a570b85699cd63bd2bc646dbcb9f311d83bc4
  languageName: node
  linkType: hard

"es-errors@npm:^1.3.0":
  version: 1.3.0
  resolution: "es-errors@npm:1.3.0"
  checksum: 10c0/0a61325670072f98d8ae3b914edab3559b6caa980f08054a3b872052640d91da01d38df55df797fcc916389d77fc92b8d5906cf028f4db46d7e3003abecbca85
  languageName: node
  linkType: hard

"estree-walker@npm:^2.0.2":
  version: 2.0.2
  resolution: "estree-walker@npm:2.0.2"
  checksum: 10c0/53a6c54e2019b8c914dc395890153ffdc2322781acf4bd7d1a32d7aedc1710807bdcd866ac133903d5629ec601fbb50abe8c2e5553c7f5a0afdd9b6af6c945af
  languageName: node
  linkType: hard

"exponential-backoff@npm:^3.1.1":
  version: 3.1.3
  resolution: "exponential-backoff@npm:3.1.3"
  checksum: 10c0/77e3ae682b7b1f4972f563c6dbcd2b0d54ac679e62d5d32f3e5085feba20483cf28bd505543f520e287a56d4d55a28d7874299941faf637e779a1aa5994d1267
  languageName: node
  linkType: hard

"fdir@npm:^6.2.0, fdir@npm:^6.5.0":
  version: 6.5.0
  resolution: "fdir@npm:6.5.0"
  peerDependencies:
    picomatch: ^3 || ^4
  peerDependenciesMeta:
    picomatch:
      optional: true
  checksum: 10c0/e345083c4306b3aed6cb8ec551e26c36bab5c511e99ea4576a16750ddc8d3240e63826cc624f5ae17ad4dc82e68a253213b60d556c11bfad064b7607847ed07f
  languageName: node
  linkType: hard

"fsevents@npm:~2.3.2":
  version: 2.3.3
  resolution: "fsevents@npm:2.3.3"
  dependencies:
    node-gyp: "npm:latest"
  checksum: 10c0/a1f0c44595123ed717febbc478aa952e47adfc28e2092be66b8ab1635147254ca6cfe1df792a8997f22716d4cbafc73309899ff7bfac2ac3ad8cf2e4ecc3ec60
  conditions: os=darwin
  languageName: node
  linkType: hard

"fsevents@patch:fsevents@npm%3A~2.3.2#optional!builtin<compat/fsevents>":
  version: 2.3.3
  resolution: "fsevents@patch:fsevents@npm%3A2.3.3#optional!builtin<compat/fsevents>::version=2.3.3&hash=df0bf1"
  dependencies:
    node-gyp: "npm:latest"
  conditions: os=darwin
  languageName: node
  linkType: hard

"function-bind@npm:^1.1.2":
  version: 1.1.2
  resolution: "function-bind@npm:1.1.2"
  checksum: 10c0/d8680ee1e5fcd4c197e4ac33b2b4dce03c71f4d91717292785703db200f5c21f977c568d28061226f9b5900cbcd2c84463646134fd5337e7925e0942bc3f46d5
  languageName: node
  linkType: hard

"graceful-fs@npm:^4.2.6":
  version: 4.2.11
  resolution: "graceful-fs@npm:4.2.11"
  checksum: 10c0/386d011a553e02bc594ac2ca0bd6d9e4c22d7fa8cfbfc448a6d148c59ea881b092db9dbe3547ae4b88e55f1b01f7c4a2ecc53b310c042793e63aa44cf6c257f2
  languageName: node
  linkType: hard

"hasown@npm:^2.0.3":
  version: 2.0.3
  resolution: "hasown@npm:2.0.3"
  dependencies:
    function-bind: "npm:^1.1.2"
  checksum: 10c0/f5eb28c3fd0d3e4facd821c1eeee3836c37b70ab0b0fc532e8a39976e18fef43652415dadc52f8c7a5ff6d5ac93b7bef128789aa6f90f4e9b9a9083dce74ab38
  languageName: node
  linkType: hard

"is-core-module@npm:^2.16.1":
  version: 2.16.2
  resolution: "is-core-module@npm:2.16.2"
  dependencies:
    hasown: "npm:^2.0.3"
  checksum: 10c0/14b4258390283709c15476d023ec173e27458d5d014ccdb8ed39d576e551c3fa45498b7c9fe178f1529c4cb2648ddd58852a6a62107a019f6e349529f277518a
  languageName: node
  linkType: hard

"is-module@npm:^1.0.0":
  version: 1.0.0
  resolution: "is-module@npm:1.0.0"
  checksum: 10c0/795a3914bcae7c26a1c23a1e5574c42eac13429625045737bf3e324ce865c0601d61aee7a5afbca1bee8cb300c7d9647e7dc98860c9bdbc3b7fdc51d8ac0bffc
  languageName: node
  linkType: hard

"is-reference@npm:1.2.1":
  version: 1.2.1
  resolution: "is-reference@npm:1.2.1"
  dependencies:
    "@types/estree": "npm:*"
  checksum: 10c0/7dc819fc8de7790264a0a5d531164f9f5b9ef5aa1cd05f35322d14db39c8a2ec78fd5d4bf57f9789f3ddd2b3abeea7728432b759636157a42db12a9e8c3b549b
  languageName: node
  linkType: hard

"isexe@npm:^4.0.0":
  version: 4.0.0
  resolution: "isexe@npm:4.0.0"
  checksum: 10c0/5884815115bceac452877659a9c7726382531592f43dc29e5d48b7c4100661aed54018cb90bd36cb2eaeba521092570769167acbb95c18d39afdccbcca06c5ce
  languageName: node
  linkType: hard

"magic-string@npm:^0.30.3":
  version: 0.30.21
  resolution: "magic-string@npm:0.30.21"
  dependencies:
    "@jridgewell/sourcemap-codec": "npm:^1.5.5"
  checksum: 10c0/299378e38f9a270069fc62358522ddfb44e94244baa0d6a8980ab2a9b2490a1d03b236b447eee309e17eb3bddfa482c61259d47960eb018a904f0ded52780c4a
  languageName: node
  linkType: hard

"minipass@npm:^7.0.4, minipass@npm:^7.1.2":
  version: 7.1.3
  resolution: "minipass@npm:7.1.3"
  checksum: 10c0/539da88daca16533211ea5a9ee98dc62ff5742f531f54640dd34429e621955e91cc280a91a776026264b7f9f6735947629f920944e9c1558369e8bf22eb33fbb
  languageName: node
  linkType: hard

"minizlib@npm:^3.1.0":
  version: 3.1.0
  resolution: "minizlib@npm:3.1.0"
  dependencies:
    minipass: "npm:^7.1.2"
  checksum: 10c0/5aad75ab0090b8266069c9aabe582c021ae53eb33c6c691054a13a45db3b4f91a7fb1bd79151e6b4e9e9a86727b522527c0a06ec7d45206b745d54cd3097bcec
  languageName: node
  linkType: hard

"node-gyp@npm:latest":
  version: 12.3.0
  resolution: "node-gyp@npm:12.3.0"
  dependencies:
    env-paths: "npm:^2.2.0"
    exponential-backoff: "npm:^3.1.1"
    graceful-fs: "npm:^4.2.6"
    nopt: "npm:^9.0.0"
    proc-log: "npm:^6.0.0"
    semver: "npm:^7.3.5"
    tar: "npm:^7.5.4"
    tinyglobby: "npm:^0.2.12"
    undici: "npm:^6.25.0"
    which: "npm:^6.0.0"
  bin:
    node-gyp: bin/node-gyp.js
  checksum: 10c0/9d9032b405cbe42f72a105259d9eb679376470c102df4a2dbaa51e07d59bf741dcffb85897087ea9d8318b9cabb824a8978af51508ae142f0239ae1e6a3c2329
  languageName: node
  linkType: hard

"nopt@npm:^9.0.0":
  version: 9.0.0
  resolution: "nopt@npm:9.0.0"
  dependencies:
    abbrev: "npm:^4.0.0"
  bin:
    nopt: bin/nopt.js
  checksum: 10c0/1822eb6f9b020ef6f7a7516d7b64a8036e09666ea55ac40416c36e4b2b343122c3cff0e2f085675f53de1d2db99a2a89a60ccea1d120bcd6a5347bf6ceb4a7fd
  languageName: node
  linkType: hard

"path-parse@npm:^1.0.7":
  version: 1.0.7
  resolution: "path-parse@npm:1.0.7"
  checksum: 10c0/11ce261f9d294cc7a58d6a574b7f1b935842355ec66fba3c3fd79e0f036462eaf07d0aa95bb74ff432f9afef97ce1926c720988c6a7451d8a584930ae7de86e1
  languageName: node
  linkType: hard

"picomatch@npm:^4.0.2, picomatch@npm:^4.0.4":
  version: 4.0.4
  resolution: "picomatch@npm:4.0.4"
  checksum: 10c0/e2c6023372cc7b5764719a5ffb9da0f8e781212fa7ca4bd0562db929df8e117460f00dff3cb7509dacfc06b86de924b247f504d0ce1806a37fac4633081466b0
  languageName: node
  linkType: hard

"proc-log@npm:^6.0.0":
  version: 6.1.0
  resolution: "proc-log@npm:6.1.0"
  checksum: 10c0/4f178d4062733ead9d71a9b1ab24ebcecdfe2250916a5b1555f04fe2eda972a0ec76fbaa8df1ad9c02707add6749219d118a4fc46dc56bdfe4dde4b47d80bb82
  languageName: node
  linkType: hard

"resolve@npm:^1.22.1":
  version: 1.22.12
  resolution: "resolve@npm:1.22.12"
  dependencies:
    es-errors: "npm:^1.3.0"
    is-core-module: "npm:^2.16.1"
    path-parse: "npm:^1.0.7"
    supports-preserve-symlinks-flag: "npm:^1.0.0"
  bin:
    resolve: bin/resolve
  checksum: 10c0/b16dc9b537c02e8c3388f7d3dcff9741d3071625f9a97ac1c885f2b0ca51e78df22328fb6d6ef214dd9101fb7cfc19aa2836fe3410402a94f3f7b8639c7149bf
  languageName: node
  linkType: hard

"resolve@patch:resolve@npm%3A^1.22.1#optional!builtin<compat/resolve>":
  version: 1.22.12
  resolution: "resolve@patch:resolve@npm%3A1.22.12#optional!builtin<compat/resolve>::version=1.22.12&hash=c3c19d"
  dependencies:
    es-errors: "npm:^1.3.0"
    is-core-module: "npm:^2.16.1"
    path-parse: "npm:^1.0.7"
    supports-preserve-symlinks-flag: "npm:^1.0.0"
  bin:
    resolve: bin/resolve
  checksum: 10c0/fc6519984ae1f894d877c0060ba8b1f5ba3bc0e85a02f74e141929c118c23d74d9735619a9cc2965397387e514884245c65d72a40731dcb6cfc84c7bcdc8321e
  languageName: node
  linkType: hard

"rollup@npm:^4.49.0":
  version: 4.60.4
  resolution: "rollup@npm:4.60.4"
  dependencies:
    "@rollup/rollup-android-arm-eabi": "npm:4.60.4"
    "@rollup/rollup-android-arm64": "npm:4.60.4"
    "@rollup/rollup-darwin-arm64": "npm:4.60.4"
    "@rollup/rollup-darwin-x64": "npm:4.60.4"
    "@rollup/rollup-freebsd-arm64": "npm:4.60.4"
    "@rollup/rollup-freebsd-x64": "npm:4.60.4"
    "@rollup/rollup-linux-arm-gnueabihf": "npm:4.60.4"
    "@rollup/rollup-linux-arm-musleabihf": "npm:4.60.4"
    "@rollup/rollup-linux-arm64-gnu": "npm:4.60.4"
    "@rollup/rollup-linux-arm64-musl": "npm:4.60.4"
    "@rollup/rollup-linux-loong64-gnu": "npm:4.60.4"
    "@rollup/rollup-linux-loong64-musl": "npm:4.60.4"
    "@rollup/rollup-linux-ppc64-gnu": "npm:4.60.4"
    "@rollup/rollup-linux-ppc64-musl": "npm:4.60.4"
    "@rollup/rollup-linux-riscv64-gnu": "npm:4.60.4"
    "@rollup/rollup-linux-riscv64-musl": "npm:4.60.4"
    "@rollup/rollup-linux-s390x-gnu": "npm:4.60.4"
    "@rollup/rollup-linux-x64-gnu": "npm:4.60.4"
    "@rollup/rollup-linux-x64-musl": "npm:4.60.4"
    "@rollup/rollup-openbsd-x64": "npm:4.60.4"
    "@rollup/rollup-openharmony-arm64": "npm:4.60.4"
    "@rollup/rollup-win32-arm64-msvc": "npm:4.60.4"
    "@rollup/rollup-win32-ia32-msvc": "npm:4.60.4"
    "@rollup/rollup-win32-x64-gnu": "npm:4.60.4"
    "@rollup/rollup-win32-x64-msvc": "npm:4.60.4"
    "@types/estree": "npm:1.0.8"
    fsevents: "npm:~2.3.2"
  dependenciesMeta:
    "@rollup/rollup-android-arm-eabi":
      optional: true
    "@rollup/rollup-android-arm64":
      optional: true
    "@rollup/rollup-darwin-arm64":
      optional: true
    "@rollup/rollup-darwin-x64":
      optional: true
    "@rollup/rollup-freebsd-arm64":
      optional: true
    "@rollup/rollup-freebsd-x64":
      optional: true
    "@rollup/rollup-linux-arm-gnueabihf":
      optional: true
    "@rollup/rollup-linux-arm-musleabihf":
      optional: true
    "@rollup/rollup-linux-arm64-gnu":
      optional: true
    "@rollup/rollup-linux-arm64-musl":
      optional: true
    "@rollup/rollup-linux-loong64-gnu":
      optional: true
    "@rollup/rollup-linux-loong64-musl":
      optional: true
    "@rollup/rollup-linux-ppc64-gnu":
      optional: true
    "@rollup/rollup-linux-ppc64-musl":
      optional: true
    "@rollup/rollup-linux-riscv64-gnu":
      optional: true
    "@rollup/rollup-linux-riscv64-musl":
      optional: true
    "@rollup/rollup-linux-s390x-gnu":
      optional: true
    "@rollup/rollup-linux-x64-gnu":
      optional: true
    "@rollup/rollup-linux-x64-musl":
      optional: true
    "@rollup/rollup-openbsd-x64":
      optional: true
    "@rollup/rollup-openharmony-arm64":
      optional: true
    "@rollup/rollup-win32-arm64-msvc":
      optional: true
    "@rollup/rollup-win32-ia32-msvc":
      optional: true
    "@rollup/rollup-win32-x64-gnu":
      optional: true
    "@rollup/rollup-win32-x64-msvc":
      optional: true
    fsevents:
      optional: true
  bin:
    rollup: dist/bin/rollup
  checksum: 10c0/2734511579da220408eefb877b51281767d790652cee25da8fcd4936c947e3db14882b5edb1d0d5d5bf60f2a71a58ae7d5f7f46c11e3fdf33182538953886243
  languageName: node
  linkType: hard

"semver@npm:^7.3.5":
  version: 7.8.0
  resolution: "semver@npm:7.8.0"
  bin:
    semver: bin/semver.js
  checksum: 10c0/8f096ca9b80ffd47b308d03f9ce8c873e27e2983f36023c559cdc92c51e8433fc23ebbfe57ec9623fc155636a6961ee989501099841ae4bb1babc8d2b3f048cd
  languageName: node
  linkType: hard

"supports-preserve-symlinks-flag@npm:^1.0.0":
  version: 1.0.0
  resolution: "supports-preserve-symlinks-flag@npm:1.0.0"
  checksum: 10c0/6c4032340701a9950865f7ae8ef38578d8d7053f5e10518076e6554a9381fa91bd9c6850193695c141f32b21f979c985db07265a758867bac95de05f7d8aeb39
  languageName: node
  linkType: hard

"tar@npm:^7.5.4":
  version: 7.5.15
  resolution: "tar@npm:7.5.15"
  dependencies:
    "@isaacs/fs-minipass": "npm:^4.0.0"
    chownr: "npm:^3.0.0"
    minipass: "npm:^7.1.2"
    minizlib: "npm:^3.1.0"
    yallist: "npm:^5.0.0"
  checksum: 10c0/8f039edb1d12fdd7df6c6f9877d125afe9f3da3f5f9317df326fdd090d48793d6998cede1506a1471f3e3a250db270a89dace28005eb5e99c5a9132d704ac956
  languageName: node
  linkType: hard

"tinyglobby@npm:^0.2.12":
  version: 0.2.16
  resolution: "tinyglobby@npm:0.2.16"
  dependencies:
    fdir: "npm:^6.5.0"
    picomatch: "npm:^4.0.4"
  checksum: 10c0/f2e09fd93dd95c41e522113b686ff6f7c13020962f8698a864a257f3d7737599afc47722b7ab726e12f8a813f779906187911ff8ee6701ede65072671a7e934b
  languageName: node
  linkType: hard

"tunnel@npm:^0.0.6":
  version: 0.0.6
  resolution: "tunnel@npm:0.0.6"
  checksum: 10c0/e27e7e896f2426c1c747325b5f54efebc1a004647d853fad892b46d64e37591ccd0b97439470795e5262b5c0748d22beb4489a04a0a448029636670bfd801b75
  languageName: node
  linkType: hard

"undici@npm:6.21.1":
  version: 6.21.1
  resolution: "undici@npm:6.21.1"
  checksum: 10c0/d604080e4f8db89b35a63b483b5f96a5f8b19ec9f716e934639345449405809d2997e1dd7212d67048f210e54534143384d712bd9075e4394f0788895ef9ca8e
  languageName: node
  linkType: hard

"which@npm:^6.0.0":
  version: 6.0.1
  resolution: "which@npm:6.0.1"
  dependencies:
    isexe: "npm:^4.0.0"
  bin:
    node-which: bin/which.js
  checksum: 10c0/7e710e54ea36d2d6183bee2f9caa27a3b47b9baf8dee55a199b736fcf85eab3b9df7556fca3d02b50af7f3dfba5ea3a45644189836df06267df457e354da66d5
  languageName: node
  linkType: hard

"yallist@npm:^5.0.0":
  version: 5.0.0
  resolution: "yallist@npm:5.0.0"
  checksum: 10c0/a499c81ce6d4a1d260d4ea0f6d49ab4da09681e32c3f0472dee16667ed69d01dae63a3b81745a24bd78476ec4fcf856114cb4896ace738e01da34b2c42235416
  languageName: node
  linkType: hard
